// !$*UTF8*$!
{
	archiveVersion = 1;
	classes = {
	};
	objectVersion = 56;
	objects = {

/* Begin PBXBuildFile section */
		9C40FCFC296D227B00D9E466 /* QuestionViewController.swift in Sources */ = {isa = PBXBuildFile; fileRef = 9C40FCFB296D227B00D9E466 /* QuestionViewController.swift */; };
		9C40FCFE296D229700D9E466 /* ResultsViewController.swift in Sources */ = {isa = PBXBuildFile; fileRef = 9C40FCFD296D229700D9E466 /* ResultsViewController.swift */; };
		9CBC923D296D17ED00D177E0 /* AppDelegate.swift in Sources */ = {isa = PBXBuildFile; fileRef = 9CBC923C296D17ED00D177E0 /* AppDelegate.swift */; };
		9CBC923F296D17ED00D177E0 /* SceneDelegate.swift in Sources */ = {isa = PBXBuildFile; fileRef = 9CBC923E296D17ED00D177E0 /* SceneDelegate.swift */; };
		9CBC9241296D17ED00D177E0 /* ViewController.swift in Sources */ = {isa = PBXBuildFile; fileRef = 9CBC9240296D17ED00D177E0 /* ViewController.swift */; };
		9CBC9244296D17ED00D177E0 /* Main.storyboard in Resources */ = {isa = PBXBuildFile; fileRef = 9CBC9242296D17ED00D177E0 /* Main.storyboard */; };
		9CBC9246296D17ED00D177E0 /* Assets.xcassets in Resources */ = {isa = PBXBuildFile; fileRef = 9CBC9245296D17ED00D177E0 /* Assets.xcassets */; };
		9CBC9249296D17ED00D177E0 /* LaunchScreen.storyboard in Resources */ = {isa = PBXBuildFile; fileRef = 9CBC9247296D17ED00D177E0 /* LaunchScreen.storyboard */; };
		9CBC9254296D17ED00D177E0 /* Personality_quiz_thrishTests.swift in Sources */ = {isa = PBXBuildFile; fileRef = 9CBC9253296D17ED00D177E0 /* Personality_quiz_thrishTests.swift */; };
		9CBC925E296D17ED00D177E0 /* Personality_quiz_thrishUITests.swift in Sources */ = {isa = PBXBuildFile; fileRef = 9CBC925D296D17ED00D177E0 /* Personality_quiz_thrishUITests.swift */; };
		9CBC9260296D17ED00D177E0 /* Personality_quiz_thrishUITestsLaunchTests.swift in Sources */ = {isa = PBXBuildFile; fileRef = 9CBC925F296D17ED00D177E0 /* Personality_quiz_thrishUITestsLaunchTests.swift */; };
/* End PBXBuildFile section */

/* Begin PBXContainerItemProxy section */
		9CBC9250296D17ED00D177E0 /* PBXContainerItemProxy */ = {
			isa = PBXContainerItemProxy;
			containerPortal = 9CBC9231296D17ED00D177E0 /* Project object */;
			proxyType = 1;
			remoteGlobalIDString = 9CBC9238296D17ED00D177E0;
			remoteInfo = "Personality-quiz-thrish";
		};
		9CBC925A296D17ED00D177E0 /* PBXContainerItemProxy */ = {
			isa = PBXContainerItemProxy;
			containerPortal = 9CBC9231296D17ED00D177E0 /* Project object */;
			proxyType = 1;
			remoteGlobalIDString = 9CBC9238296D17ED00D177E0;
			remoteInfo = "Personality-quiz-thrish";
		};
/* End PBXContainerItemProxy section */

/* Begin PBXFileReference section */
		9C40FCFB296D227B00D9E466 /* QuestionViewController.swift */ = {isa = PBXFileReference; lastKnownFileType = sourcecode.swift; path = QuestionViewController.swift; sourceTree = "<group>"; };
		9C40FCFD296D229700D9E466 /* ResultsViewController.swift */ = {isa = PBXFileReference; lastKnownFileType = sourcecode.swift; path = ResultsViewController.swift; sourceTree = "<group>"; };
		9CBC9239296D17ED00D177E0 /* Personality-quiz-thrish.app */ = {isa = PBXFileReference; explicitFileType = wrapper.application; includeInIndex = 0; path = "Personality-quiz-thrish.app"; sourceTree = BUILT_PRODUCTS_DIR; };
		9CBC923C296D17ED00D177E0 /* AppDelegate.swift */ = {isa = PBXFileReference; lastKnownFileType = sourcecode.swift; path = AppDelegate.swift; sourceTree = "<group>"; };
		9CBC923E296D17ED00D177E0 /* SceneDelegate.swift */ = {isa = PBXFileReference; lastKnownFileType = sourcecode.swift; path = SceneDelegate.swift; sourceTree = "<group>"; };
		9CBC9240296D17ED00D177E0 /* ViewController.swift */ = {isa = PBXFileReference; lastKnownFileType = sourcecode.swift; path = ViewController.swift; sourceTree = "<group>"; };
		9CBC9243296D17ED00D177E0 /* Base */ = {isa = PBXFileReference; lastKnownFileType = file.storyboard; name = Base; path = Base.lproj/Main.storyboard; sourceTree = "<group>"; };
		9CBC9245296D17ED00D177E0 /* Assets.xcassets */ = {isa = PBXFileReference; lastKnownFileType = folder.assetcatalog; path = Assets.xcassets; sourceTree = "<group>"; };
		9CBC9248296D17ED00D177E0 /* Base */ = {isa = PBXFileReference; lastKnownFileType = file.storyboard; name = Base; path = Base.lproj/LaunchScreen.storyboard; sourceTree = "<group>"; };
		9CBC924A296D17ED00D177E0 /* Info.plist */ = {isa = PBXFileReference; lastKnownFileType = text.plist.xml; path = Info.plist; sourceTree = "<group>"; };
		9CBC924F296D17ED00D177E0 /* Personality-quiz-thrishTests.xctest */ = {isa = PBXFileReference; explicitFileType = wrapper.cfbundle; includeInIndex = 0; path = "Personality-quiz-thrishTests.xctest"; sourceTree = BUILT_PRODUCTS_DIR; };
		9CBC9253296D17ED00D177E0 /* Personality_quiz_thrishTests.swift */ = {isa = PBXFileReference; lastKnownFileType = sourcecode.swift; path = Personality_quiz_thrishTests.swift; sourceTree = "<group>"; };
		9CBC9259296D17ED00D177E0 /* Personality-quiz-thrishUITests.xctest */ = {isa = PBXFileReference; explicitFileType = wrapper.cfbundle; includeInIndex = 0; path = "Personality-quiz-thrishUITests.xctest"; sourceTree = BUILT_PRODUCTS_DIR; };
		9CBC925D296D17ED00D177E0 /* Personality_quiz_thrishUITests.swift */ = {isa = PBXFileReference; lastKnownFileType = sourcecode.swift; path = Personality_quiz_thrishUITests.swift; sourceTree = "<group>"; };
		9CBC925F296D17ED00D177E0 /* Personality_quiz_thrishUITestsLaunchTests.swift */ = {isa = PBXFileReference; lastKnownFileType = sourcecode.swift; path = Personality_quiz_thrishUITestsLaunchTests.swift; sourceTree = "<group>"; };
/* End PBXFileReference section */

/* Begin PBXFrameworksBuildPhase section */
		9CBC9236296D17ED00D177E0 /* Frameworks */ = {
			isa = PBXFrameworksBuildPhase;
			buildActionMask = 2147483647;
			files = (
			);
			runOnlyForDeploymentPostprocessing = 0;
		};
		9CBC924C296D17ED00D177E0 /* Frameworks */ = {
			isa = PBXFrameworksBuildPhase;
			buildActionMask = 2147483647;
			files = (
			);
			runOnlyForDeploymentPostprocessing = 0;
		};
		9CBC9256296D17ED00D177E0 /* Frameworks */ = {
			isa = PBXFrameworksBuildPhase;
			buildActionMask = 2147483647;
			files = (
			);
			runOnlyForDeploymentPostprocessing = 0;
		};
/* End PBXFrameworksBuildPhase section */

/* Begin PBXGroup section */
		9CBC9230296D17ED00D177E0 = {
			isa = PBXGroup;
			children = (
				9CBC923B296D17ED00D177E0 /* Personality-quiz-thrish */,
				9CBC9252296D17ED00D177E0 /* Personality-quiz-thrishTests */,
				9CBC925C296D17ED00D177E0 /* Personality-quiz-thrishUITests */,
				9CBC923A296D17ED00D177E0 /* Products */,
			);
			sourceTree = "<group>";
		};
		9CBC923A296D17ED00D177E0 /* Products */ = {
			isa = PBXGroup;
			children = (
				9CBC9239296D17ED00D177E0 /* Personality-quiz-thrish.app */,
				9CBC924F296D17ED00D177E0 /* Personality-quiz-thrishTests.xctest */,
				9CBC9259296D17ED00D177E0 /* Personality-quiz-thrishUITests.xctest */,
			);
			name = Products;
			sourceTree = "<group>";
		};
		9CBC923B296D17ED00D177E0 /* Personality-quiz-thrish */ = {
			isa = PBXGroup;
			children = (
				9CBC923C296D17ED00D177E0 /* AppDelegate.swift */,
				9CBC923E296D17ED00D177E0 /* SceneDelegate.swift */,
				9CBC9240296D17ED00D177E0 /* ViewController.swift */,
				9CBC9242296D17ED00D177E0 /* Main.storyboard */,
				9CBC9245296D17ED00D177E0 /* Assets.xcassets */,
				9CBC9247296D17ED00D177E0 /* LaunchScreen.storyboard */,
				9CBC924A296D17ED00D177E0 /* Info.plist */,
				9C40FCFB296D227B00D9E466 /* QuestionViewController.swift */,
				9C40FCFD296D229700D9E466 /* ResultsViewController.swift */,
			);
			path = "Personality-quiz-thrish";
			sourceTree = "<group>";
		};
		9CBC9252296D17ED00D177E0 /* Personality-quiz-thrishTests */ = {
			isa = PBXGroup;
			children = (
				9CBC9253296D17ED00D177E0 /* Personality_quiz_thrishTests.swift */,
			);
			path = "Personality-quiz-thrishTests";
			sourceTree = "<group>";
		};
		9CBC925C296D17ED00D177E0 /* Personality-quiz-thrishUITests */ = {
			isa = PBXGroup;
			children = (
				9CBC925D296D17ED00D177E0 /* Personality_quiz_thrishUITests.swift */,
				9CBC925F296D17ED00D177E0 /* Personality_quiz_thrishUITestsLaunchTests.swift */,
			);
			path = "Personality-quiz-thrishUITests";
			sourceTree = "<group>";
		};
/* End PBXGroup section */

/* Begin PBXNativeTarget section */
		9CBC9238296D17ED00D177E0 /* Personality-quiz-thrish */ = {
			isa = PBXNativeTarget;
			buildConfigurationList = 9CBC9263296D17ED00D177E0 /* Build configuration list for PBXNativeTarget "Personality-quiz-thrish" */;
			buildPhases = (
				9CBC9235296D17ED00D177E0 /* Sources */,
				9CBC9236296D17ED00D177E0 /* Frameworks */,
				9CBC9237296D17ED00D177E0 /* Resources */,
			);
			buildRules = (
			);
			dependencies = (
			);
			name = "Personality-quiz-thrish";
			productName = "Personality-quiz-thrish";
			productReference = 9CBC9239296D17ED00D177E0 /* Personality-quiz-thrish.app */;
			productType = "com.apple.product-type.application";
		};
		9CBC924E296D17ED00D177E0 /* Personality-quiz-thrishTests */ = {
			isa = PBXNativeTarget;
			buildConfigurationList = 9CBC9266296D17ED00D177E0 /* Build configuration list for PBXNativeTarget "Personality-quiz-thrishTests" */;
			buildPhases = (
				9CBC924B296D17ED00D177E0 /* Sources */,
				9CBC924C296D17ED00D177E0 /* Frameworks */,
				9CBC924D296D17ED00D177E0 /* Resources */,
			);
			buildRules = (
			);
			dependencies = (
				9CBC9251296D17ED00D177E0 /* PBXTargetDependency */,
			);
			name = "Personality-quiz-thrishTests";
			productName = "Personality-quiz-thrishTests";
			productReference = 9CBC924F296D17ED00D177E0 /* Personality-quiz-thrishTests.xctest */;
			productType = "com.apple.product-type.bundle.unit-test";
		};
		9CBC9258296D17ED00D177E0 /* Personality-quiz-thrishUITests */ = {
			isa = PBXNativeTarget;
			buildConfigurationList = 9CBC9269296D17ED00D177E0 /* Build configuration list for PBXNativeTarget "Personality-quiz-thrishUITests" */;
			buildPhases = (
				9CBC9255296D17ED00D177E0 /* Sources */,
				9CBC9256296D17ED00D177E0 /* Frameworks */,
				9CBC9257296D17ED00D177E0 /* Resources */,
			);
			buildRules = (
			);
			dependencies = (
				9CBC925B296D17ED00D177E0 /* PBXTargetDependency */,
			);
			name = "Personality-quiz-thrishUITests";
			productName = "Personality-quiz-thrishUITests";
			productReference = 9CBC9259296D17ED00D177E0 /* Personality-quiz-thrishUITests.xctest */;
			productType = "com.apple.product-type.bundle.ui-testing";
		};
/* End PBXNativeTarget section */

/* Begin PBXProject section */
		9CBC9231296D17ED00D177E0 /* Project object */ = {
			isa = PBXProject;
			attributes = {
				BuildIndependentTargetsInParallel = 1;
				LastSwiftUpdateCheck = 1420;
				LastUpgradeCheck = 1420;
				TargetAttributes = {
					9CBC9238296D17ED00D177E0 = {
						CreatedOnToolsVersion = 14.2;
					};
					9CBC924E296D17ED00D177E0 = {
						CreatedOnToolsVersion = 14.2;
						TestTargetID = 9CBC9238296D17ED00D177E0;
					};
					9CBC9258296D17ED00D177E0 = {
						CreatedOnToolsVersion = 14.2;
						TestTargetID = 9CBC9238296D17ED00D177E0;
					};
				};
			};
			buildConfigurationList = 9CBC9234296D17ED00D177E0 /* Build configuration list for PBXProject "Personality-quiz-thrish" */;
			compatibilityVersion = "Xcode 14.0";
			developmentRegion = en;
			hasScannedForEncodings = 0;
			knownRegions = (
				en,
				Base,
			);
			mainGroup = 9CBC9230296D17ED00D177E0;
			productRefGroup = 9CBC923A296D17ED00D177E0 /* Products */;
			projectDirPath = "";
			projectRoot = "";
			targets = (
				9CBC9238296D17ED00D177E0 /* Personality-quiz-thrish */,
				9CBC924E296D17ED00D177E0 /* Personality-quiz-thrishTests */,
				9CBC9258296D17ED00D177E0 /* Personality-quiz-thrishUITests */,
			);
		};
/* End PBXProject section */

/* Begin PBXResourcesBuildPhase section */
		9CBC9237296D17ED00D177E0 /* Resources */ = {
			isa = PBXResourcesBuildPhase;
			buildActionMask = 2147483647;
			files = (
				9CBC9249296D17ED00D177E0 /* LaunchScreen.storyboard in Resources */,
				9CBC9246296D17ED00D177E0 /* Assets.xcassets in Resources */,
				9CBC9244296D17ED00D177E0 /* Main.storyboard in Resources */,
			);
			runOnlyForDeploymentPostprocessing = 0;
		};
		9CBC924D296D17ED00D177E0 /* Resources */ = {
			isa = PBXResourcesBuildPhase;
			buildActionMask = 2147483647;
			files = (
			);
			runOnlyForDeploymentPostprocessing = 0;
		};
		9CBC9257296D17ED00D177E0 /* Resources */ = {
			isa = PBXResourcesBuildPhase;
			buildActionMask = 2147483647;
			files = (
			);
			runOnlyForDeploymentPostprocessing = 0;
		};
/* End PBXResourcesBuildPhase section */

/* Begin PBXSourcesBuildPhase section */
		9CBC9235296D17ED00D177E0 /* Sources */ = {
			isa = PBXSourcesBuildPhase;
			buildActionMask = 2147483647;
			files = (
				9CBC9241296D17ED00D177E0 /* ViewController.swift in Sources */,
				9CBC923D296D17ED00D177E0 /* AppDelegate.swift in Sources */,
				9C40FCFC296D227B00D9E466 /* QuestionViewController.swift in Sources */,
				9C40FCFE296D229700D9E466 /* ResultsViewController.swift in Sources */,
				9CBC923F296D17ED00D177E0 /* SceneDelegate.swift in Sources */,
			);
			runOnlyForDeploymentPostprocessing = 0;
		};
		9CBC924B296D17ED00D177E0 /* Sources */ = {
			isa = PBXSourcesBuildPhase;
			buildActionMask = 2147483647;
			files = (
				9CBC9254296D17ED00D177E0 /* Personality_quiz_thrishTests.swift in Sources */,
			);
			runOnlyForDeploymentPostprocessing = 0;
		};
		9CBC9255296D17ED00D177E0 /* Sources */ = {
			isa = PBXSourcesBuildPhase;
			buildActionMask = 2147483647;
			files = (
				9CBC9260296D17ED00D177E0 /* Personality_quiz_thrishUITestsLaunchTests.swift in Sources */,
				9CBC925E296D17ED00D177E0 /* Personality_quiz_thrishUITests.swift in Sources */,
			);
			runOnlyForDeploymentPostprocessing = 0;
		};
/* End PBXSourcesBuildPhase section */

/* Begin PBXTargetDependency section */
		9CBC9251296D17ED00D177E0 /* PBXTargetDependency */ = {
			isa = PBXTargetDependency;
			target = 9CBC9238296D17ED00D177E0 /* Personality-quiz-thrish */;
			targetProxy = 9CBC9250296D17ED00D177E0 /* PBXContainerItemProxy */;
		};
		9CBC925B296D17ED00D177E0 /* PBXTargetDependency */ = {
			isa = PBXTargetDependency;
			target = 9CBC9238296D17ED00D177E0 /* Personality-quiz-thrish */;
			targetProxy = 9CBC925A296D17ED00D177E0 /* PBXContainerItemProxy */;
		};
/* End PBXTargetDependency section */

/* Begin PBXVariantGroup section */
		9CBC9242296D17ED00D177E0 /* Main.storyboard */ = {
			isa = PBXVariantGroup;
			children = (
				9CBC9243296D17ED00D177E0 /* Base */,
			);
			name = Main.storyboard;
			sourceTree = "<group>";
		};
		9CBC9247296D17ED00D177E0 /* LaunchScreen.storyboard */ = {
			isa = PBXVariantGroup;
			children = (
				9CBC9248296D17ED00D177E0 /* Base */,
			);
			name = LaunchScreen.storyboard;
			sourceTree = "<group>";
		};
/* End PBXVariantGroup section */

/* Begin XCBuildConfiguration section */
		9CBC9261296D17ED00D177E0 /* Debug */ = {
			isa = XCBuildConfiguration;
			buildSettings = {
				ALWAYS_SEARCH_USER_PATHS = NO;
				CLANG_ANALYZER_NONNULL = YES;
				CLANG_ANALYZER_NUMBER_OBJECT_CONVERSION = YES_AGGRESSIVE;
				CLANG_CXX_LANGUAGE_STANDARD = "gnu++20";
				CLANG_ENABLE_MODULES = YES;
				CLANG_ENABLE_OBJC_ARC = YES;
				CLANG_ENABLE_OBJC_WEAK = YES;
				CLANG_WARN_BLOCK_CAPTURE_AUTORELEASING = YES;
				CLANG_WARN_BOOL_CONVERSION = YES;
				CLANG_WARN_COMMA = YES;
				CLANG_WARN_CONSTANT_CONVERSION = YES;
				CLANG_WARN_DEPRECATED_OBJC_IMPLEMENTATIONS = YES;
				CLANG_WARN_DIRECT_OBJC_ISA_USAGE = YES_ERROR;
				CLANG_WARN_DOCUMENTATION_COMMENTS = YES;
				CLANG_WARN_EMPTY_BODY = YES;
				CLANG_WARN_ENUM_CONVERSION = YES;
				CLANG_WARN_INFINITE_RECURSION = YES;
				CLANG_WARN_INT_CONVERSION = YES;
				CLANG_WARN_NON_LITERAL_NULL_CONVERSION = YES;
				CLANG_WARN_OBJC_IMPLICIT_RETAIN_SELF = YES;
				CLANG_WARN_OBJC_LITERAL_CONVERSION = YES;
				CLANG_WARN_OBJC_ROOT_CLASS = YES_ERROR;
				CLANG_WARN_QUOTED_INCLUDE_IN_FRAMEWORK_HEADER = YES;
				CLANG_WARN_RANGE_LOOP_ANALYSIS = YES;
				CLANG_WARN_STRICT_PROTOTYPES = YES;
				CLANG_WARN_SUSPICIOUS_MOVE = YES;
				CLANG_WARN_UNGUARDED_AVAILABILITY = YES_AGGRESSIVE;
				CLANG_WARN_UNREACHABLE_CODE = YES;
				CLANG_WARN__DUPLICATE_METHOD_MATCH = YES;
				COPY_PHASE_STRIP = NO;
				DEBUG_INFORMATION_FORMAT = dwarf;
				ENABLE_STRICT_OBJC_MSGSEND = YES;
				ENABLE_TESTABILITY = YES;
				GCC_C_LANGUAGE_STANDARD = gnu11;
				GCC_DYNAMIC_NO_PIC = NO;
				GCC_NO_COMMON_BLOCKS = YES;
				GCC_OPTIMIZATION_LEVEL = 0;
				GCC_PREPROCESSOR_DEFINITIONS = (
					"DEBUG=1",
					"$(inherited)",
				);
				GCC_WARN_64_TO_32_BIT_CONVERSION = YES;
				GCC_WARN_ABOUT_RETURN_TYPE = YES_ERROR;
				GCC_WARN_UNDECLARED_SELECTOR = YES;
				GCC_WARN_UNINITIALIZED_AUTOS = YES_AGGRESSIVE;
				GCC_WARN_UNUSED_FUNCTION = YES;
				GCC_WARN_UNUSED_VARIABLE = YES;
				IPHONEOS_DEPLOYMENT_TARGET = 16.2;
				MTL_ENABLE_DEBUG_INFO = INCLUDE_SOURCE;
				MTL_FAST_MATH = YES;
				ONLY_ACTIVE_ARCH = YES;
				SDKROOT = iphoneos;
				SWIFT_ACTIVE_COMPILATION_CONDITIONS = DEBUG;
				SWIFT_OPTIMIZATION_LEVEL = "-Onone";
			};
			name = Debug;
		};
		9CBC9262296D17ED00D177E0 /* Release */ = {
			isa = XCBuildConfiguration;
			buildSettings = {
				ALWAYS_SEARCH_USER_PATHS = NO;
				CLANG_ANALYZER_NONNULL = YES;
				CLANG_ANALYZER_NUMBER_OBJECT_CONVERSION = YES_AGGRESSIVE;
				CLANG_CXX_LANGUAGE_STANDARD = "gnu++20";
				CLANG_ENABLE_MODULES = YES;
				CLANG_ENABLE_OBJC_ARC = YES;
				CLANG_ENABLE_OBJC_WEAK = YES;
				CLANG_WARN_BLOCK_CAPTURE_AUTORELEASING = YES;
				CLANG_WARN_BOOL_CONVERSION = YES;
				CLANG_WARN_COMMA = YES;
				CLANG_WARN_CONSTANT_CONVERSION = YES;
				CLANG_WARN_DEPRECATED_OBJC_IMPLEMENTATIONS = YES;
				CLANG_WARN_DIRECT_OBJC_ISA_USAGE = YES_ERROR;
				CLANG_WARN_DOCUMENTATION_COMMENTS = YES;
				CLANG_WARN_EMPTY_BODY = YES;
				CLANG_WARN_ENUM_CONVERSION = YES;
				CLANG_WARN_INFINITE_RECURSION = YES;
				CLANG_WARN_INT_CONVERSION = YES;
				CLANG_WARN_NON_LITERAL_NULL_CONVERSION = YES;
				CLANG_WARN_OBJC_IMPLICIT_RETAIN_SELF = YES;
				CLANG_WARN_OBJC_LITERAL_CONVERSION = YES;
				CLANG_WARN_OBJC_ROOT_CLASS = YES_ERROR;
				CLANG_WARN_QUOTED_INCLUDE_IN_FRAMEWORK_HEADER = YES;
				CLANG_WARN_RANGE_LOOP_ANALYSIS = YES;
				CLANG_WARN_STRICT_PROTOTYPES = YES;
				CLANG_WARN_SUSPICIOUS_MOVE = YES;
				CLANG_WARN_UNGUARDED_AVAILABILITY = YES_AGGRESSIVE;
				CLANG_WARN_UNREACHABLE_CODE = YES;
				CLANG_WARN__DUPLICATE_METHOD_MATCH = YES;
				COPY_PHASE_STRIP = NO;
				DEBUG_INFORMATION_FORMAT = "dwarf-with-dsym";
				ENABLE_NS_ASSERTIONS = NO;
				ENABLE_STRICT_OBJC_MSGSEND = YES;
				GCC_C_LANGUAGE_STANDARD = gnu11;
				GCC_NO_COMMON_BLOCKS = YES;
				GCC_WARN_64_TO_32_BIT_CONVERSION = YES;
				GCC_WARN_ABOUT_RETURN_TYPE = YES_ERROR;
				GCC_WARN_UNDECLARED_SELECTOR = YES;
				GCC_WARN_UNINITIALIZED_AUTOS = YES_AGGRESSIVE;
				GCC_WARN_UNUSED_FUNCTION = YES;
				GCC_WARN_UNUSED_VARIABLE = YES;
				IPHONEOS_DEPLOYMENT_TARGET = 16.2;
				MTL_ENABLE_DEBUG_INFO = NO;
				MTL_FAST_MATH = YES;
				SDKROOT = iphoneos;
				SWIFT_COMPILATION_MODE = wholemodule;
				SWIFT_OPTIMIZATION_LEVEL = "-O";
				VALIDATE_PRODUCT = YES;
			};
			name = Release;
		};
		9CBC9264296D17ED00D177E0 /* Debug */ = {
			isa = XCBuildConfiguration;
			buildSettings = {
				ASSETCATALOG_COMPILER_APPICON_NAME = AppIcon;
				ASSETCATALOG_COMPILER_GLOBAL_ACCENT_COLOR_NAME = AccentColor;
				CODE_SIGN_STYLE = Automatic;
				CURRENT_PROJECT_VERSION = 1;
				GENERATE_INFOPLIST_FILE = YES;
				INFOPLIST_FILE = "Personality-quiz-thrish/Info.plist";
				INFOPLIST_KEY_UIApplicationSupportsIndirectInputEvents = YES;
				INFOPLIST_KEY_UILaunchStoryboardName = LaunchScreen;
				INFOPLIST_KEY_UIMainStoryboardFile = Main;
				INFOPLIST_KEY_UISupportedInterfaceOrientations_iPad = "UIInterfaceOrientationPortrait UIInterfaceOrientationPortraitUpsideDown UIInterfaceOrientationLandscapeLeft UIInterfaceOrientationLandscapeRight";
				INFOPLIST_KEY_UISupportedInterfaceOrientations_iPhone = "UIInterfaceOrientationPortrait UIInterfaceOrientationLandscapeLeft UIInterfaceOrientationLandscapeRight";
				LD_RUNPATH_SEARCH_PATHS = (
					"$(inherited)",
					"@executable_path/Frameworks",
				);
				MARKETING_VERSION = 1.0;
				PRODUCT_BUNDLE_IDENTIFIER = "SRM.Personality-quiz-thrish";
				PRODUCT_NAME = "$(TARGET_NAME)";
				SWIFT_EMIT_LOC_STRINGS = YES;
				SWIFT_VERSION = 5.0;
				TARGETED_DEVICE_FAMILY = "1,2";
			};
			name = Debug;
		};
		9CBC9265296D17ED00D177E0 /* Release */ = {
			isa = XCBuildConfiguration;
			buildSettings = {
				ASSETCATALOG_COMPILER_APPICON_NAME = AppIcon;
				ASSETCATALOG_COMPILER_GLOBAL_ACCENT_COLOR_NAME = AccentColor;
				CODE_SIGN_STYLE = Automatic;
				CURRENT_PROJECT_VERSION = 1;
				GENERATE_INFOPLIST_FILE = YES;
				INFOPLIST_FILE = "Personality-quiz-thrish/Info.plist";
				INFOPLIST_KEY_UIApplicationSupportsIndirectInputEvents = YES;
				INFOPLIST_KEY_UILaunchStoryboardName = LaunchScreen;
				INFOPLIST_KEY_UIMainStoryboardFile = Main;
				INFOPLIST_KEY_UISupportedInterfaceOrientations_iPad = "UIInterfaceOrientationPortrait UIInterfaceOrientationPortraitUpsideDown UIInterfaceOrientationLandscapeLeft UIInterfaceOrientationLandscapeRight";
				INFOPLIST_KEY_UISupportedInterfaceOrientations_iPhone = "UIInterfaceOrientationPortrait UIInterfaceOrientationLandscapeLeft UIInterfaceOrientationLandscapeRight";
				LD_RUNPATH_SEARCH_PATHS = (
					"$(inherited)",
					"@executable_path/Frameworks",
				);
				MARKETING_VERSION = 1.0;
				PRODUCT_BUNDLE_IDENTIFIER = "SRM.Personality-quiz-thrish";
				PRODUCT_NAME = "$(TARGET_NAME)";
				SWIFT_EMIT_LOC_STRINGS = YES;
				SWIFT_VERSION = 5.0;
				TARGETED_DEVICE_FAMILY = "1,2";
			};
			name = Release;
		};
		9CBC9267296D17ED00D177E0 /* Debug */ = {
			isa = XCBuildConfiguration;
			buildSettings = {
				ALWAYS_EMBED_SWIFT_STANDARD_LIBRARIES = YES;
				BUNDLE_LOADER = "$(TEST_HOST)";
				CODE_SIGN_STYLE = Automatic;
				CURRENT_PROJECT_VERSION = 1;
				GENERATE_INFOPLIST_FILE = YES;
				IPHONEOS_DEPLOYMENT_TARGET = 16.2;
				MARKETING_VERSION = 1.0;
				PRODUCT_BUNDLE_IDENTIFIER = "SRM.Personality-quiz-thrishTests";
				PRODUCT_NAME = "$(TARGET_NAME)";
				SWIFT_EMIT_LOC_STRINGS = NO;
				SWIFT_VERSION = 5.0;
				TARGETED_DEVICE_FAMILY = "1,2";
				TEST_HOST = "$(BUILT_PRODUCTS_DIR)/Personality-quiz-thrish.app/$(BUNDLE_EXECUTABLE_FOLDER_PATH)/Personality-quiz-thrish";
			};
			name = Debug;
		};
		9CBC9268296D17ED00D177E0 /* Release */ = {
			isa = XCBuildConfiguration;
			buildSettings = {
				ALWAYS_EMBED_SWIFT_STANDARD_LIBRARIES = YES;
				BUNDLE_LOADER = "$(TEST_HOST)";
				CODE_SIGN_STYLE = Automatic;
				CURRENT_PROJECT_VERSION = 1;
				GENERATE_INFOPLIST_FILE = YES;
				IPHONEOS_DEPLOYMENT_TARGET = 16.2;
				MARKETING_VERSION = 1.0;
				PRODUCT_BUNDLE_IDENTIFIER = "SRM.Personality-quiz-thrishTests";
				PRODUCT_NAME = "$(TARGET_NAME)";
				SWIFT_EMIT_LOC_STRINGS = NO;
				SWIFT_VERSION = 5.0;
				TARGETED_DEVICE_FAMILY = "1,2";
				TEST_HOST = "$(BUILT_PRODUCTS_DIR)/Personality-quiz-thrish.app/$(BUNDLE_EXECUTABLE_FOLDER_PATH)/Personality-quiz-thrish";
			};
			name = Release;
		};
		9CBC926A296D17ED00D177E0 /* Debug */ = {
			isa = XCBuildConfiguration;
			buildSettings = {
				ALWAYS_EMBED_SWIFT_STANDARD_LIBRARIES = YES;
				CODE_SIGN_STYLE = Automatic;
				CURRENT_PROJECT_VERSION = 1;
				GENERATE_INFOPLIST_FILE = YES;
				MARKETING_VERSION = 1.0;
				PRODUCT_BUNDLE_IDENTIFIER = "SRM.Personality-quiz-thrishUITests";
				PRODUCT_NAME = "$(TARGET_NAME)";
				SWIFT_EMIT_LOC_STRINGS = NO;
				SWIFT_VERSION = 5.0;
				TARGETED_DEVICE_FAMILY = "1,2";
				TEST_TARGET_NAME = "Personality-quiz-thrish";
			};
			name = Debug;
		};
		9CBC926B296D17ED00D177E0 /* Release */ = {
			isa = XCBuildConfiguration;
			buildSettings = {
				ALWAYS_EMBED_SWIFT_STANDARD_LIBRARIES = YES;
				CODE_SIGN_STYLE = Automatic;
				CURRENT_PROJECT_VERSION = 1;
				GENERATE_INFOPLIST_FILE = YES;
				MARKETING_VERSION = 1.0;
				PRODUCT_BUNDLE_IDENTIFIER = "SRM.Personality-quiz-thrishUITests";
				PRODUCT_NAME = "$(TARGET_NAME)";
				SWIFT_EMIT_LOC_STRINGS = NO;
				SWIFT_VERSION = 5.0;
				TARGETED_DEVICE_FAMILY = "1,2";
				TEST_TARGET_NAME = "Personality-quiz-thrish";
			};
			name = Release;
		};
/* End XCBuildConfiguration section */

/* Begin XCConfigurationList section */
		9CBC9234296D17ED00D177E0 /* Build configuration list for PBXProject "Personality-quiz-thrish" */ = {
			isa = XCConfigurationList;
			buildConfigurations = (
				9CBC9261296D17ED00D177E0 /* Debug */,
				9CBC9262296D17ED00D177E0 /* Release */,
			);
			defaultConfigurationIsVisible = 0;
			defaultConfigurationName = Release;
		};
		9CBC9263296D17ED00D177E0 /* Build configuration list for PBXNativeTarget "Personality-quiz-thrish" */ = {
			isa = XCConfigurationList;
			buildConfigurations = (
				9CBC9264296D17ED00D177E0 /* Debug */,
				9CBC9265296D17ED00D177E0 /* Release */,
			);
			defaultConfigurationIsVisible = 0;
			defaultConfigurationName = Release;
		};
		9CBC9266296D17ED00D177E0 /* Build configuration list for PBXNativeTarget "Personality-quiz-thrishTests" */ = {
			isa = XCConfigurationList;
			buildConfigurations = (
				9CBC9267296D17ED00D177E0 /* Debug */,
				9CBC9268296D17ED00D177E0 /* Release */,
			);
			defaultConfigurationIsVisible = 0;
			defaultConfigurationName = Release;
		};
		9CBC9269296D17ED00D177E0 /* Build configuration list for PBXNativeTarget "Personality-quiz-thrishUITests" */ = {
			isa = XCConfigurationList;
			buildConfigurations = (
				9CBC926A296D17ED00D177E0 /* Debug */,
				9CBC926B296D17ED00D177E0 /* Release */,
			);
			defaultConfigurationIsVisible = 0;
			defaultConfigurationName = Release;
		};
/* End XCConfigurationList section */
	};
	rootObject = 9CBC9231296D17ED00D177E0 /* Project object */;
}
