// !$*UTF8*$!
{
	archiveVersion = 1;
	classes = {
	};
	objectVersion = 56;
	objects = {

/* Begin PBXBuildFile section */
		2D36160D296D3155004AA085 /* AppDelegate.swift in Sources */ = {isa = PBXBuildFile; fileRef = 2D36160C296D3155004AA085 /* AppDelegate.swift */; };
		2D36160F296D3155004AA085 /* SceneDelegate.swift in Sources */ = {isa = PBXBuildFile; fileRef = 2D36160E296D3155004AA085 /* SceneDelegate.swift */; };
		2D361611296D3155004AA085 /* ViewController.swift in Sources */ = {isa = PBXBuildFile; fileRef = 2D361610296D3155004AA085 /* ViewController.swift */; };
		2D361614296D3155004AA085 /* Main.storyboard in Resources */ = {isa = PBXBuildFile; fileRef = 2D361612296D3155004AA085 /* Main.storyboard */; };
		2D361616296D3155004AA085 /* Assets.xcassets in Resources */ = {isa = PBXBuildFile; fileRef = 2D361615296D3155004AA085 /* Assets.xcassets */; };
		2D361619296D3155004AA085 /* LaunchScreen.storyboard in Resources */ = {isa = PBXBuildFile; fileRef = 2D361617296D3155004AA085 /* LaunchScreen.storyboard */; };
		2D361624296D3156004AA085 /* AppEventCountTests.swift in Sources */ = {isa = PBXBuildFile; fileRef = 2D361623296D3156004AA085 /* AppEventCountTests.swift */; };
		2D36162E296D3156004AA085 /* AppEventCountUITests.swift in Sources */ = {isa = PBXBuildFile; fileRef = 2D36162D296D3156004AA085 /* AppEventCountUITests.swift */; };
		2D361630296D3156004AA085 /* AppEventCountUITestsLaunchTests.swift in Sources */ = {isa = PBXBuildFile; fileRef = 2D36162F296D3156004AA085 /* AppEventCountUITestsLaunchTests.swift */; };
/* End PBXBuildFile section */

/* Begin PBXContainerItemProxy section */
		2D361620296D3155004AA085 /* PBXContainerItemProxy */ = {
			isa = PBXContainerItemProxy;
			containerPortal = 2D361601296D3155004AA085 /* Project object */;
			proxyType = 1;
			remoteGlobalIDString = 2D361608296D3155004AA085;
			remoteInfo = AppEventCount;
		};
		2D36162A296D3156004AA085 /* PBXContainerItemProxy */ = {
			isa = PBXContainerItemProxy;
			containerPortal = 2D361601296D3155004AA085 /* Project object */;
			proxyType = 1;
			remoteGlobalIDString = 2D361608296D3155004AA085;
			remoteInfo = AppEventCount;
		};
/* End PBXContainerItemProxy section */

/* Begin PBXFileReference section */
		2D361609296D3155004AA085 /* AppEventCount.app */ = {isa = PBXFileReference; explicitFileType = wrapper.application; includeInIndex = 0; path = AppEventCount.app; sourceTree = BUILT_PRODUCTS_DIR; };
		2D36160C296D3155004AA085 /* AppDelegate.swift */ = {isa = PBXFileReference; lastKnownFileType = sourcecode.swift; path = AppDelegate.swift; sourceTree = "<group>"; };
		2D36160E296D3155004AA085 /* SceneDelegate.swift */ = {isa = PBXFileReference; lastKnownFileType = sourcecode.swift; path = SceneDelegate.swift; sourceTree = "<group>"; };
		2D361610296D3155004AA085 /* ViewController.swift */ = {isa = PBXFileReference; lastKnownFileType = sourcecode.swift; path = ViewController.swift; sourceTree = "<group>"; };
		2D361613296D3155004AA085 /* Base */ = {isa = PBXFileReference; lastKnownFileType = file.storyboard; name = Base; path = Base.lproj/Main.storyboard; sourceTree = "<group>"; };
		2D361615296D3155004AA085 /* Assets.xcassets */ = {isa = PBXFileReference; lastKnownFileType = folder.assetcatalog; path = Assets.xcassets; sourceTree = "<group>"; };
		2D361618296D3155004AA085 /* Base */ = {isa = PBXFileReference; lastKnownFileType = file.storyboard; name = Base; path = Base.lproj/LaunchScreen.storyboard; sourceTree = "<group>"; };
		2D36161A296D3155004AA085 /* Info.plist */ = {isa = PBXFileReference; lastKnownFileType = text.plist.xml; path = Info.plist; sourceTree = "<group>"; };
		2D36161F296D3155004AA085 /* AppEventCountTests.xctest */ = {isa = PBXFileReference; explicitFileType = wrapper.cfbundle; includeInIndex = 0; path = AppEventCountTests.xctest; sourceTree = BUILT_PRODUCTS_DIR; };
		2D361623296D3156004AA085 /* AppEventCountTests.swift */ = {isa = PBXFileReference; lastKnownFileType = sourcecode.swift; path = AppEventCountTests.swift; sourceTree = "<group>"; };
		2D361629296D3156004AA085 /* AppEventCountUITests.xctest */ = {isa = PBXFileReference; explicitFileType = wrapper.cfbundle; includeInIndex = 0; path = AppEventCountUITests.xctest; sourceTree = BUILT_PRODUCTS_DIR; };
		2D36162D296D3156004AA085 /* AppEventCountUITests.swift */ = {isa = PBXFileReference; lastKnownFileType = sourcecode.swift; path = AppEventCountUITests.swift; sourceTree = "<group>"; };
		2D36162F296D3156004AA085 /* AppEventCountUITestsLaunchTests.swift */ = {isa = PBXFileReference; lastKnownFileType = sourcecode.swift; path = AppEventCountUITestsLaunchTests.swift; sourceTree = "<group>"; };
/* End PBXFileReference section */

/* Begin PBXFrameworksBuildPhase section */
		2D361606296D3155004AA085 /* Frameworks */ = {
			isa = PBXFrameworksBuildPhase;
			buildActionMask = 2147483647;
			files = (
			);
			runOnlyForDeploymentPostprocessing = 0;
		};
		2D36161C296D3155004AA085 /* Frameworks */ = {
			isa = PBXFrameworksBuildPhase;
			buildActionMask = 2147483647;
			files = (
			);
			runOnlyForDeploymentPostprocessing = 0;
		};
		2D361626296D3156004AA085 /* Frameworks */ = {
			isa = PBXFrameworksBuildPhase;
			buildActionMask = 2147483647;
			files = (
			);
			runOnlyForDeploymentPostprocessing = 0;
		};
/* End PBXFrameworksBuildPhase section */

/* Begin PBXGroup section */
		2D361600296D3155004AA085 = {
			isa = PBXGroup;
			children = (
				2D36160B296D3155004AA085 /* AppEventCount */,
				2D361622296D3156004AA085 /* AppEventCountTests */,
				2D36162C296D3156004AA085 /* AppEventCountUITests */,
				2D36160A296D3155004AA085 /* Products */,
			);
			sourceTree = "<group>";
		};
		2D36160A296D3155004AA085 /* Products */ = {
			isa = PBXGroup;
			children = (
				2D361609296D3155004AA085 /* AppEventCount.app */,
				2D36161F296D3155004AA085 /* AppEventCountTests.xctest */,
				2D361629296D3156004AA085 /* AppEventCountUITests.xctest */,
			);
			name = Products;
			sourceTree = "<group>";
		};
		2D36160B296D3155004AA085 /* AppEventCount */ = {
			isa = PBXGroup;
			children = (
				2D36160C296D3155004AA085 /* AppDelegate.swift */,
				2D36160E296D3155004AA085 /* SceneDelegate.swift */,
				2D361610296D3155004AA085 /* ViewController.swift */,
				2D361612296D3155004AA085 /* Main.storyboard */,
				2D361615296D3155004AA085 /* Assets.xcassets */,
				2D361617296D3155004AA085 /* LaunchScreen.storyboard */,
				2D36161A296D3155004AA085 /* Info.plist */,
			);
			path = AppEventCount;
			sourceTree = "<group>";
		};
		2D361622296D3156004AA085 /* AppEventCountTests */ = {
			isa = PBXGroup;
			children = (
				2D361623296D3156004AA085 /* AppEventCountTests.swift */,
			);
			path = AppEventCountTests;
			sourceTree = "<group>";
		};
		2D36162C296D3156004AA085 /* AppEventCountUITests */ = {
			isa = PBXGroup;
			children = (
				2D36162D296D3156004AA085 /* AppEventCountUITests.swift */,
				2D36162F296D3156004AA085 /* AppEventCountUITestsLaunchTests.swift */,
			);
			path = AppEventCountUITests;
			sourceTree = "<group>";
		};
/* End PBXGroup section */

/* Begin PBXNativeTarget section */
		2D361608296D3155004AA085 /* AppEventCount */ = {
			isa = PBXNativeTarget;
			buildConfigurationList = 2D361633296D3156004AA085 /* Build configuration list for PBXNativeTarget "AppEventCount" */;
			buildPhases = (
				2D361605296D3155004AA085 /* Sources */,
				2D361606296D3155004AA085 /* Frameworks */,
				2D361607296D3155004AA085 /* Resources */,
			);
			buildRules = (
			);
			dependencies = (
			);
			name = AppEventCount;
			productName = AppEventCount;
			productReference = 2D361609296D3155004AA085 /* AppEventCount.app */;
			productType = "com.apple.product-type.application";
		};
		2D36161E296D3155004AA085 /* AppEventCountTests */ = {
			isa = PBXNativeTarget;
			buildConfigurationList = 2D361636296D3156004AA085 /* Build configuration list for PBXNativeTarget "AppEventCountTests" */;
			buildPhases = (
				2D36161B296D3155004AA085 /* Sources */,
				2D36161C296D3155004AA085 /* Frameworks */,
				2D36161D296D3155004AA085 /* Resources */,
			);
			buildRules = (
			);
			dependencies = (
				2D361621296D3155004AA085 /* PBXTargetDependency */,
			);
			name = AppEventCountTests;
			productName = AppEventCountTests;
			productReference = 2D36161F296D3155004AA085 /* AppEventCountTests.xctest */;
			productType = "com.apple.product-type.bundle.unit-test";
		};
		2D361628296D3156004AA085 /* AppEventCountUITests */ = {
			isa = PBXNativeTarget;
			buildConfigurationList = 2D361639296D3156004AA085 /* Build configuration list for PBXNativeTarget "AppEventCountUITests" */;
			buildPhases = (
				2D361625296D3156004AA085 /* Sources */,
				2D361626296D3156004AA085 /* Frameworks */,
				2D361627296D3156004AA085 /* Resources */,
			);
			buildRules = (
			);
			dependencies = (
				2D36162B296D3156004AA085 /* PBXTargetDependency */,
			);
			name = AppEventCountUITests;
			productName = AppEventCountUITests;
			productReference = 2D361629296D3156004AA085 /* AppEventCountUITests.xctest */;
			productType = "com.apple.product-type.bundle.ui-testing";
		};
/* End PBXNativeTarget section */

/* Begin PBXProject section */
		2D361601296D3155004AA085 /* Project object */ = {
			isa = PBXProject;
			attributes = {
				BuildIndependentTargetsInParallel = 1;
				LastSwiftUpdateCheck = 1420;
				LastUpgradeCheck = 1420;
				TargetAttributes = {
					2D361608296D3155004AA085 = {
						CreatedOnToolsVersion = 14.2;
					};
					2D36161E296D3155004AA085 = {
						CreatedOnToolsVersion = 14.2;
						TestTargetID = 2D361608296D3155004AA085;
					};
					2D361628296D3156004AA085 = {
						CreatedOnToolsVersion = 14.2;
						TestTargetID = 2D361608296D3155004AA085;
					};
				};
			};
			buildConfigurationList = 2D361604296D3155004AA085 /* Build configuration list for PBXProject "AppEventCount" */;
			compatibilityVersion = "Xcode 14.0";
			developmentRegion = en;
			hasScannedForEncodings = 0;
			knownRegions = (
				en,
				Base,
			);
			mainGroup = 2D361600296D3155004AA085;
			productRefGroup = 2D36160A296D3155004AA085 /* Products */;
			projectDirPath = "";
			projectRoot = "";
			targets = (
				2D361608296D3155004AA085 /* AppEventCount */,
				2D36161E296D3155004AA085 /* AppEventCountTests */,
				2D361628296D3156004AA085 /* AppEventCountUITests */,
			);
		};
/* End PBXProject section */

/* Begin PBXResourcesBuildPhase section */
		2D361607296D3155004AA085 /* Resources */ = {
			isa = PBXResourcesBuildPhase;
			buildActionMask = 2147483647;
			files = (
				2D361619296D3155004AA085 /* LaunchScreen.storyboard in Resources */,
				2D361616296D3155004AA085 /* Assets.xcassets in Resources */,
				2D361614296D3155004AA085 /* Main.storyboard in Resources */,
			);
			runOnlyForDeploymentPostprocessing = 0;
		};
		2D36161D296D3155004AA085 /* Resources */ = {
			isa = PBXResourcesBuildPhase;
			buildActionMask = 2147483647;
			files = (
			);
			runOnlyForDeploymentPostprocessing = 0;
		};
		2D361627296D3156004AA085 /* Resources */ = {
			isa = PBXResourcesBuildPhase;
			buildActionMask = 2147483647;
			files = (
			);
			runOnlyForDeploymentPostprocessing = 0;
		};
/* End PBXResourcesBuildPhase section */

/* Begin PBXSourcesBuildPhase section */
		2D361605296D3155004AA085 /* Sources */ = {
			isa = PBXSourcesBuildPhase;
			buildActionMask = 2147483647;
			files = (
				2D361611296D3155004AA085 /* ViewController.swift in Sources */,
				2D36160D296D3155004AA085 /* AppDelegate.swift in Sources */,
				2D36160F296D3155004AA085 /* SceneDelegate.swift in Sources */,
			);
			runOnlyForDeploymentPostprocessing = 0;
		};
		2D36161B296D3155004AA085 /* Sources */ = {
			isa = PBXSourcesBuildPhase;
			buildActionMask = 2147483647;
			files = (
				2D361624296D3156004AA085 /* AppEventCountTests.swift in Sources */,
			);
			runOnlyForDeploymentPostprocessing = 0;
		};
		2D361625296D3156004AA085 /* Sources */ = {
			isa = PBXSourcesBuildPhase;
			buildActionMask = 2147483647;
			files = (
				2D36162E296D3156004AA085 /* AppEventCountUITests.swift in Sources */,
				2D361630296D3156004AA085 /* AppEventCountUITestsLaunchTests.swift in Sources */,
			);
			runOnlyForDeploymentPostprocessing = 0;
		};
/* End PBXSourcesBuildPhase section */

/* Begin PBXTargetDependency section */
		2D361621296D3155004AA085 /* PBXTargetDependency */ = {
			isa = PBXTargetDependency;
			target = 2D361608296D3155004AA085 /* AppEventCount */;
			targetProxy = 2D361620296D3155004AA085 /* PBXContainerItemProxy */;
		};
		2D36162B296D3156004AA085 /* PBXTargetDependency */ = {
			isa = PBXTargetDependency;
			target = 2D361608296D3155004AA085 /* AppEventCount */;
			targetProxy = 2D36162A296D3156004AA085 /* PBXContainerItemProxy */;
		};
/* End PBXTargetDependency section */

/* Begin PBXVariantGroup section */
		2D361612296D3155004AA085 /* Main.storyboard */ = {
			isa = PBXVariantGroup;
			children = (
				2D361613296D3155004AA085 /* Base */,
			);
			name = Main.storyboard;
			sourceTree = "<group>";
		};
		2D361617296D3155004AA085 /* LaunchScreen.storyboard */ = {
			isa = PBXVariantGroup;
			children = (
				2D361618296D3155004AA085 /* Base */,
			);
			name = LaunchScreen.storyboard;
			sourceTree = "<group>";
		};
/* End PBXVariantGroup section */

/* Begin XCBuildConfiguration section */
		2D361631296D3156004AA085 /* Debug */ = {
			isa = XCBuildConfiguration;
			buildSettings = {
				ALWAYS_SEARCH_USER_PATHS = NO;
				CLANG_ANALYZER_NONNULL = YES;
				CLANG_ANALYZER_NUMBER_OBJECT_CONVERSION = YES_AGGRESSIVE;
				CLANG_CXX_LANGUAGE_STANDARD = "gnu++20";
				CLANG_ENABLE_MODULES = YES;
				CLANG_ENABLE_OBJC_ARC = YES;
				CLANG_ENABLE_OBJC_WEAK = YES;
				CLANG_WARN_BLOCK_CAPTURE_AUTORELEASING = YES;
				CLANG_WARN_BOOL_CONVERSION = YES;
				CLANG_WARN_COMMA = YES;
				CLANG_WARN_CONSTANT_CONVERSION = YES;
				CLANG_WARN_DEPRECATED_OBJC_IMPLEMENTATIONS = YES;
				CLANG_WARN_DIRECT_OBJC_ISA_USAGE = YES_ERROR;
				CLANG_WARN_DOCUMENTATION_COMMENTS = YES;
				CLANG_WARN_EMPTY_BODY = YES;
				CLANG_WARN_ENUM_CONVERSION = YES;
				CLANG_WARN_INFINITE_RECURSION = YES;
				CLANG_WARN_INT_CONVERSION = YES;
				CLANG_WARN_NON_LITERAL_NULL_CONVERSION = YES;
				CLANG_WARN_OBJC_IMPLICIT_RETAIN_SELF = YES;
				CLANG_WARN_OBJC_LITERAL_CONVERSION = YES;
				CLANG_WARN_OBJC_ROOT_CLASS = YES_ERROR;
				CLANG_WARN_QUOTED_INCLUDE_IN_FRAMEWORK_HEADER = YES;
				CLANG_WARN_RANGE_LOOP_ANALYSIS = YES;
				CLANG_WARN_STRICT_PROTOTYPES = YES;
				CLANG_WARN_SUSPICIOUS_MOVE = YES;
				CLANG_WARN_UNGUARDED_AVAILABILITY = YES_AGGRESSIVE;
				CLANG_WARN_UNREACHABLE_CODE = YES;
				CLANG_WARN__DUPLICATE_METHOD_MATCH = YES;
				COPY_PHASE_STRIP = NO;
				DEBUG_INFORMATION_FORMAT = dwarf;
				ENABLE_STRICT_OBJC_MSGSEND = YES;
				ENABLE_TESTABILITY = YES;
				GCC_C_LANGUAGE_STANDARD = gnu11;
				GCC_DYNAMIC_NO_PIC = NO;
				GCC_NO_COMMON_BLOCKS = YES;
				GCC_OPTIMIZATION_LEVEL = 0;
				GCC_PREPROCESSOR_DEFINITIONS = (
					"DEBUG=1",
					"$(inherited)",
				);
				GCC_WARN_64_TO_32_BIT_CONVERSION = YES;
				GCC_WARN_ABOUT_RETURN_TYPE = YES_ERROR;
				GCC_WARN_UNDECLARED_SELECTOR = YES;
				GCC_WARN_UNINITIALIZED_AUTOS = YES_AGGRESSIVE;
				GCC_WARN_UNUSED_FUNCTION = YES;
				GCC_WARN_UNUSED_VARIABLE = YES;
				IPHONEOS_DEPLOYMENT_TARGET = 16.2;
				MTL_ENABLE_DEBUG_INFO = INCLUDE_SOURCE;
				MTL_FAST_MATH = YES;
				ONLY_ACTIVE_ARCH = YES;
				SDKROOT = iphoneos;
				SWIFT_ACTIVE_COMPILATION_CONDITIONS = DEBUG;
				SWIFT_OPTIMIZATION_LEVEL = "-Onone";
			};
			name = Debug;
		};
		2D361632296D3156004AA085 /* Release */ = {
			isa = XCBuildConfiguration;
			buildSettings = {
				ALWAYS_SEARCH_USER_PATHS = NO;
				CLANG_ANALYZER_NONNULL = YES;
				CLANG_ANALYZER_NUMBER_OBJECT_CONVERSION = YES_AGGRESSIVE;
				CLANG_CXX_LANGUAGE_STANDARD = "gnu++20";
				CLANG_ENABLE_MODULES = YES;
				CLANG_ENABLE_OBJC_ARC = YES;
				CLANG_ENABLE_OBJC_WEAK = YES;
				CLANG_WARN_BLOCK_CAPTURE_AUTORELEASING = YES;
				CLANG_WARN_BOOL_CONVERSION = YES;
				CLANG_WARN_COMMA = YES;
				CLANG_WARN_CONSTANT_CONVERSION = YES;
				CLANG_WARN_DEPRECATED_OBJC_IMPLEMENTATIONS = YES;
				CLANG_WARN_DIRECT_OBJC_ISA_USAGE = YES_ERROR;
				CLANG_WARN_DOCUMENTATION_COMMENTS = YES;
				CLANG_WARN_EMPTY_BODY = YES;
				CLANG_WARN_ENUM_CONVERSION = YES;
				CLANG_WARN_INFINITE_RECURSION = YES;
				CLANG_WARN_INT_CONVERSION = YES;
				CLANG_WARN_NON_LITERAL_NULL_CONVERSION = YES;
				CLANG_WARN_OBJC_IMPLICIT_RETAIN_SELF = YES;
				CLANG_WARN_OBJC_LITERAL_CONVERSION = YES;
				CLANG_WARN_OBJC_ROOT_CLASS = YES_ERROR;
				CLANG_WARN_QUOTED_INCLUDE_IN_FRAMEWORK_HEADER = YES;
				CLANG_WARN_RANGE_LOOP_ANALYSIS = YES;
				CLANG_WARN_STRICT_PROTOTYPES = YES;
				CLANG_WARN_SUSPICIOUS_MOVE = YES;
				CLANG_WARN_UNGUARDED_AVAILABILITY = YES_AGGRESSIVE;
				CLANG_WARN_UNREACHABLE_CODE = YES;
				CLANG_WARN__DUPLICATE_METHOD_MATCH = YES;
				COPY_PHASE_STRIP = NO;
				DEBUG_INFORMATION_FORMAT = "dwarf-with-dsym";
				ENABLE_NS_ASSERTIONS = NO;
				ENABLE_STRICT_OBJC_MSGSEND = YES;
				GCC_C_LANGUAGE_STANDARD = gnu11;
				GCC_NO_COMMON_BLOCKS = YES;
				GCC_WARN_64_TO_32_BIT_CONVERSION = YES;
				GCC_WARN_ABOUT_RETURN_TYPE = YES_ERROR;
				GCC_WARN_UNDECLARED_SELECTOR = YES;
				GCC_WARN_UNINITIALIZED_AUTOS = YES_AGGRESSIVE;
				GCC_WARN_UNUSED_FUNCTION = YES;
				GCC_WARN_UNUSED_VARIABLE = YES;
				IPHONEOS_DEPLOYMENT_TARGET = 16.2;
				MTL_ENABLE_DEBUG_INFO = NO;
				MTL_FAST_MATH = YES;
				SDKROOT = iphoneos;
				SWIFT_COMPILATION_MODE = wholemodule;
				SWIFT_OPTIMIZATION_LEVEL = "-O";
				VALIDATE_PRODUCT = YES;
			};
			name = Release;
		};
		2D361634296D3156004AA085 /* Debug */ = {
			isa = XCBuildConfiguration;
			buildSettings = {
				ASSETCATALOG_COMPILER_APPICON_NAME = AppIcon;
				ASSETCATALOG_COMPILER_GLOBAL_ACCENT_COLOR_NAME = AccentColor;
				CODE_SIGN_STYLE = Automatic;
				CURRENT_PROJECT_VERSION = 1;
				GENERATE_INFOPLIST_FILE = YES;
				INFOPLIST_FILE = AppEventCount/Info.plist;
				INFOPLIST_KEY_UIApplicationSupportsIndirectInputEvents = YES;
				INFOPLIST_KEY_UILaunchStoryboardName = LaunchScreen;
				INFOPLIST_KEY_UIMainStoryboardFile = Main;
				INFOPLIST_KEY_UISupportedInterfaceOrientations_iPad = "UIInterfaceOrientationPortrait UIInterfaceOrientationPortraitUpsideDown UIInterfaceOrientationLandscapeLeft UIInterfaceOrientationLandscapeRight";
				INFOPLIST_KEY_UISupportedInterfaceOrientations_iPhone = "UIInterfaceOrientationPortrait UIInterfaceOrientationLandscapeLeft UIInterfaceOrientationLandscapeRight";
				LD_RUNPATH_SEARCH_PATHS = (
					"$(inherited)",
					"@executable_path/Frameworks",
				);
				MARKETING_VERSION = 1.0;
				PRODUCT_BUNDLE_IDENTIFIER = com.example.AppEventCount;
				PRODUCT_NAME = "$(TARGET_NAME)";
				SWIFT_EMIT_LOC_STRINGS = YES;
				SWIFT_VERSION = 5.0;
				TARGETED_DEVICE_FAMILY = "1,2";
			};
			name = Debug;
		};
		2D361635296D3156004AA085 /* Release */ = {
			isa = XCBuildConfiguration;
			buildSettings = {
				ASSETCATALOG_COMPILER_APPICON_NAME = AppIcon;
				ASSETCATALOG_COMPILER_GLOBAL_ACCENT_COLOR_NAME = AccentColor;
				CODE_SIGN_STYLE = Automatic;
				CURRENT_PROJECT_VERSION = 1;
				GENERATE_INFOPLIST_FILE = YES;
				INFOPLIST_FILE = AppEventCount/Info.plist;
				INFOPLIST_KEY_UIApplicationSupportsIndirectInputEvents = YES;
				INFOPLIST_KEY_UILaunchStoryboardName = LaunchScreen;
				INFOPLIST_KEY_UIMainStoryboardFile = Main;
				INFOPLIST_KEY_UISupportedInterfaceOrientations_iPad = "UIInterfaceOrientationPortrait UIInterfaceOrientationPortraitUpsideDown UIInterfaceOrientationLandscapeLeft UIInterfaceOrientationLandscapeRight";
				INFOPLIST_KEY_UISupportedInterfaceOrientations_iPhone = "UIInterfaceOrientationPortrait UIInterfaceOrientationLandscapeLeft UIInterfaceOrientationLandscapeRight";
				LD_RUNPATH_SEARCH_PATHS = (
					"$(inherited)",
					"@executable_path/Frameworks",
				);
				MARKETING_VERSION = 1.0;
				PRODUCT_BUNDLE_IDENTIFIER = com.example.AppEventCount;
				PRODUCT_NAME = "$(TARGET_NAME)";
				SWIFT_EMIT_LOC_STRINGS = YES;
				SWIFT_VERSION = 5.0;
				TARGETED_DEVICE_FAMILY = "1,2";
			};
			name = Release;
		};
		2D361637296D3156004AA085 /* Debug */ = {
			isa = XCBuildConfiguration;
			buildSettings = {
				ALWAYS_EMBED_SWIFT_STANDARD_LIBRARIES = YES;
				BUNDLE_LOADER = "$(TEST_HOST)";
				CODE_SIGN_STYLE = Automatic;
				CURRENT_PROJECT_VERSION = 1;
				GENERATE_INFOPLIST_FILE = YES;
				IPHONEOS_DEPLOYMENT_TARGET = 16.2;
				MARKETING_VERSION = 1.0;
				PRODUCT_BUNDLE_IDENTIFIER = com.example.AppEventCountTests;
				PRODUCT_NAME = "$(TARGET_NAME)";
				SWIFT_EMIT_LOC_STRINGS = NO;
				SWIFT_VERSION = 5.0;
				TARGETED_DEVICE_FAMILY = "1,2";
				TEST_HOST = "$(BUILT_PRODUCTS_DIR)/AppEventCount.app/$(BUNDLE_EXECUTABLE_FOLDER_PATH)/AppEventCount";
			};
			name = Debug;
		};
		2D361638296D3156004AA085 /* Release */ = {
			isa = XCBuildConfiguration;
			buildSettings = {
				ALWAYS_EMBED_SWIFT_STANDARD_LIBRARIES = YES;
				BUNDLE_LOADER = "$(TEST_HOST)";
				CODE_SIGN_STYLE = Automatic;
				CURRENT_PROJECT_VERSION = 1;
				GENERATE_INFOPLIST_FILE = YES;
				IPHONEOS_DEPLOYMENT_TARGET = 16.2;
				MARKETING_VERSION = 1.0;
				PRODUCT_BUNDLE_IDENTIFIER = com.example.AppEventCountTests;
				PRODUCT_NAME = "$(TARGET_NAME)";
				SWIFT_EMIT_LOC_STRINGS = NO;
				SWIFT_VERSION = 5.0;
				TARGETED_DEVICE_FAMILY = "1,2";
				TEST_HOST = "$(BUILT_PRODUCTS_DIR)/AppEventCount.app/$(BUNDLE_EXECUTABLE_FOLDER_PATH)/AppEventCount";
			};
			name = Release;
		};
		2D36163A296D3156004AA085 /* Debug */ = {
			isa = XCBuildConfiguration;
			buildSettings = {
				ALWAYS_EMBED_SWIFT_STANDARD_LIBRARIES = YES;
				CODE_SIGN_STYLE = Automatic;
				CURRENT_PROJECT_VERSION = 1;
				GENERATE_INFOPLIST_FILE = YES;
				MARKETING_VERSION = 1.0;
				PRODUCT_BUNDLE_IDENTIFIER = com.example.AppEventCountUITests;
				PRODUCT_NAME = "$(TARGET_NAME)";
				SWIFT_EMIT_LOC_STRINGS = NO;
				SWIFT_VERSION = 5.0;
				TARGETED_DEVICE_FAMILY = "1,2";
				TEST_TARGET_NAME = AppEventCount;
			};
			name = Debug;
		};
		2D36163B296D3156004AA085 /* Release */ = {
			isa = XCBuildConfiguration;
			buildSettings = {
				ALWAYS_EMBED_SWIFT_STANDARD_LIBRARIES = YES;
				CODE_SIGN_STYLE = Automatic;
				CURRENT_PROJECT_VERSION = 1;
				GENERATE_INFOPLIST_FILE = YES;
				MARKETING_VERSION = 1.0;
				PRODUCT_BUNDLE_IDENTIFIER = com.example.AppEventCountUITests;
				PRODUCT_NAME = "$(TARGET_NAME)";
				SWIFT_EMIT_LOC_STRINGS = NO;
				SWIFT_VERSION = 5.0;
				TARGETED_DEVICE_FAMILY = "1,2";
				TEST_TARGET_NAME = AppEventCount;
			};
			name = Release;
		};
/* End XCBuildConfiguration section */

/* Begin XCConfigurationList section */
		2D361604296D3155004AA085 /* Build configuration list for PBXProject "AppEventCount" */ = {
			isa = XCConfigurationList;
			buildConfigurations = (
				2D361631296D3156004AA085 /* Debug */,
				2D361632296D3156004AA085 /* Release */,
			);
			defaultConfigurationIsVisible = 0;
			defaultConfigurationName = Release;
		};
		2D361633296D3156004AA085 /* Build configuration list for PBXNativeTarget "AppEventCount" */ = {
			isa = XCConfigurationList;
			buildConfigurations = (
				2D361634296D3156004AA085 /* Debug */,
				2D361635296D3156004AA085 /* Release */,
			);
			defaultConfigurationIsVisible = 0;
			defaultConfigurationName = Release;
		};
		2D361636296D3156004AA085 /* Build configuration list for PBXNativeTarget "AppEventCountTests" */ = {
			isa = XCConfigurationList;
			buildConfigurations = (
				2D361637296D3156004AA085 /* Debug */,
				2D361638296D3156004AA085 /* Release */,
			);
			defaultConfigurationIsVisible = 0;
			defaultConfigurationName = Release;
		};
		2D361639296D3156004AA085 /* Build configuration list for PBXNativeTarget "AppEventCountUITests" */ = {
			isa = XCConfigurationList;
			buildConfigurations = (
				2D36163A296D3156004AA085 /* Debug */,
				2D36163B296D3156004AA085 /* Release */,
			);
			defaultConfigurationIsVisible = 0;
			defaultConfigurationName = Release;
		};
/* End XCConfigurationList section */
	};
	rootObject = 2D361601296D3155004AA085 /* Project object */;
}
